{
  "name": "@btc-vision/as-pect-json-reporter",
  "version": "8.3.0",
  "lockfileVersion": 3,
  "requires": true,
  "packages": {
    "": {
      "name": "@btc-vision/as-pect-json-reporter",
      "version": "8.3.0",
      "license": "MIT",
      "dependencies": {
        "@btc-vision/as-pect-core": "^8.3.0"
      }
    },
    "node_modules/@btc-vision/as-covers-assembly": {
      "version": "0.4.5",
      "resolved": "https://registry.npmjs.org/@btc-vision/as-covers-assembly/-/as-covers-assembly-0.4.5.tgz",
      "integrity": "sha512-jzQNPOii7BbMcl4I5o8WzTLspm55HXFpIeq8e9Z9VenllrK/wjBJtplQMvjS+6EjC0lWTrSpKDPbHS4t6nhq5g==",
      "license": "MIT"
    },
    "node_modules/@btc-vision/as-loader": {
      "version": "0.0.0",
      "resolved": "https://registry.npmjs.org/@btc-vision/as-loader/-/as-loader-0.0.0.tgz",
      "integrity": "sha512-D8H9558DenTqaidtU+2uWt2cuJxyKbGCUcKMk9/NBhJed9ByrXgjO5pr2WxWN02eAGBTx/qy4WrUHRhGAlGQNA==",
      "license": "Apache-2.0"
    },
    "node_modules/@btc-vision/as-pect-assembly": {
      "version": "8.3.0",
      "resolved": "https://registry.npmjs.org/@btc-vision/as-pect-assembly/-/as-pect-assembly-8.3.0.tgz",
      "integrity": "sha512-2w4rqAAFzgvD4gBST/87VzVWGXRGOYsnPKAezVONJNYF9/7nkTBlgEYW+x72ylWO/d+WHj4a8svl3HNHeiak3A==",
      "license": "MIT",
      "dependencies": {
        "@btc-vision/as-covers-assembly": "^0.4.5"
      }
    },
    "node_modules/@btc-vision/as-pect-core": {
      "version": "8.3.0",
      "resolved": "https://registry.npmjs.org/@btc-vision/as-pect-core/-/as-pect-core-8.3.0.tgz",
      "integrity": "sha512-FWLMwYhddkv97awuk9dnAw0DcNSD3joVgQX1mRW78XnqftKMbSSPhuS2+kRC95UJyhCOmxyWFQUySQOLT5KogA==",
      "license": "MIT",
      "dependencies": {
        "@btc-vision/as-loader": "^0.0.0",
        "@btc-vision/as-pect-assembly": "^8.3.0",
        "@btc-vision/as-pect-snapshots": "^8.3.0",
        "@btc-vision/assemblyscript": "^0.29.3",
        "chalk": "^5.6.2",
        "chalk-template": "^1.1.2",
        "long": "^5.3.2"
      }
    },
    "node_modules/@btc-vision/as-pect-snapshots": {
      "version": "8.3.0",
      "resolved": "https://registry.npmjs.org/@btc-vision/as-pect-snapshots/-/as-pect-snapshots-8.3.0.tgz",
      "integrity": "sha512-PelL+fCue3zdkJGraClifnOPBk6B6XccxBFNj03Jbums3XrxByhw1B/XJNYIadcypF/UPp4wZ9jQXw4et5o8SQ==",
      "license": "MIT",
      "dependencies": {
        "chevrotain": "^12.0.0",
        "diff": "^9.0.0",
        "nearley": "^2.20.1"
      }
    },
    "node_modules/@btc-vision/assemblyscript": {
      "version": "0.29.3",
      "resolved": "https://registry.npmjs.org/@btc-vision/assemblyscript/-/assemblyscript-0.29.3.tgz",
      "integrity": "sha512-YrJMsv2FXOjCNAqWzP6fYmb/6heOQ2Sbgah2hNYh9okVRYXDfZJ2kVLYIWckgcBmtOFDM1C3QuDYKZjePG88Fw==",
      "license": "Apache-2.0",
      "dependencies": {
        "binaryen": "125.0.0-nightly.20251209",
        "long": "^5.3.2"
      },
      "bin": {
        "asc": "bin/asc.js",
        "asinit": "bin/asinit.js"
      },
      "engines": {
        "node": ">=24",
        "npm": ">=10"
      },
      "funding": {
        "type": "opencollective",
        "url": "https://opencollective.com/assemblyscript"
      }
    },
    "node_modules/@chevrotain/cst-dts-gen": {
      "version": "12.0.0",
      "resolved": "https://registry.npmjs.org/@chevrotain/cst-dts-gen/-/cst-dts-gen-12.0.0.tgz",
      "integrity": "sha512-fSL4KXjTl7cDgf0B5Rip9Q05BOrYvkJV/RrBTE/bKDN096E4hN/ySpcBK5B24T76dlQ2i32Zc3PAE27jFnFrKg==",
      "license": "Apache-2.0",
      "dependencies": {
        "@chevrotain/gast": "12.0.0",
        "@chevrotain/types": "12.0.0"
      }
    },
    "node_modules/@chevrotain/gast": {
      "version": "12.0.0",
      "resolved": "https://registry.npmjs.org/@chevrotain/gast/-/gast-12.0.0.tgz",
      "integrity": "sha512-1ne/m3XsIT8aEdrvT33so0GUC+wkctpUPK6zU9IlOyJLUbR0rg4G7ZiApiJbggpgPir9ERy3FRjT6T7lpgetnQ==",
      "license": "Apache-2.0",
      "dependencies": {
        "@chevrotain/types": "12.0.0"
      }
    },
    "node_modules/@chevrotain/regexp-to-ast": {
      "version": "12.0.0",
      "resolved": "https://registry.npmjs.org/@chevrotain/regexp-to-ast/-/regexp-to-ast-12.0.0.tgz",
      "integrity": "sha512-p+EW9MaJwgaHguhoqwOtx/FwuGr+DnNn857sXWOi/mClXIkPGl3rn7hGNWvo31HA3vyeQxjqe+H36yZJwYU8cA==",
      "license": "Apache-2.0"
    },
    "node_modules/@chevrotain/types": {
      "version": "12.0.0",
      "resolved": "https://registry.npmjs.org/@chevrotain/types/-/types-12.0.0.tgz",
      "integrity": "sha512-S+04vjFQKeuYw0/eW3U52LkAHQsB1ASxsPGsLPUyQgrZ2iNNibQrsidruDzjEX2JYfespXMG0eZmXlhA6z7nWA==",
      "license": "Apache-2.0"
    },
    "node_modules/@chevrotain/utils": {
      "version": "12.0.0",
      "resolved": "https://registry.npmjs.org/@chevrotain/utils/-/utils-12.0.0.tgz",
      "integrity": "sha512-lB59uJoaGIfOOL9knQqQRfhl9g7x8/wqFkp13zTdkRu1huG9kg6IJs1O8hqj9rs6h7orGxHJUKb+mX3rPbWGhA==",
      "license": "Apache-2.0"
    },
    "node_modules/binaryen": {
      "version": "125.0.0-nightly.20251209",
      "resolved": "https://registry.npmjs.org/binaryen/-/binaryen-125.0.0-nightly.20251209.tgz",
      "integrity": "sha512-d8/gKpRFDNAEYvkNrowb2lz2o47gA5HlyBKbqymzlwpCYZ+wCcH9rdH+aoXekQg0C6GPbTnZEmgXobjrXcQaEw==",
      "license": "Apache-2.0",
      "bin": {
        "wasm-as": "bin/wasm-as",
        "wasm-ctor-eval": "bin/wasm-ctor-eval",
        "wasm-dis": "bin/wasm-dis",
        "wasm-merge": "bin/wasm-merge",
        "wasm-metadce": "bin/wasm-metadce",
        "wasm-opt": "bin/wasm-opt",
        "wasm-reduce": "bin/wasm-reduce",
        "wasm-shell": "bin/wasm-shell",
        "wasm2js": "bin/wasm2js"
      }
    },
    "node_modules/chalk": {
      "version": "5.6.2",
      "resolved": "https://registry.npmjs.org/chalk/-/chalk-5.6.2.tgz",
      "integrity": "sha512-7NzBL0rN6fMUW+f7A6Io4h40qQlG+xGmtMxfbnH/K7TAtt8JQWVQK+6g0UXKMeVJoyV5EkkNsErQ8pVD3bLHbA==",
      "license": "MIT",
      "engines": {
        "node": "^12.17.0 || ^14.13 || >=16.0.0"
      },
      "funding": {
        "url": "https://github.com/chalk/chalk?sponsor=1"
      }
    },
    "node_modules/chalk-template": {
      "version": "1.1.2",
      "resolved": "https://registry.npmjs.org/chalk-template/-/chalk-template-1.1.2.tgz",
      "integrity": "sha512-2bxTP2yUH7AJj/VAXfcA+4IcWGdQ87HwBANLt5XxGTeomo8yG0y95N1um9i5StvhT/Bl0/2cARA5v1PpPXUxUA==",
      "license": "MIT",
      "dependencies": {
        "chalk": "^5.2.0"
      },
      "engines": {
        "node": ">=14.16"
      },
      "funding": {
        "url": "https://github.com/chalk/chalk-template?sponsor=1"
      }
    },
    "node_modules/chevrotain": {
      "version": "12.0.0",
      "resolved": "https://registry.npmjs.org/chevrotain/-/chevrotain-12.0.0.tgz",
      "integrity": "sha512-csJvb+6kEiQaqo1woTdSAuOWdN0WTLIydkKrBnS+V5gZz0oqBrp4kQ35519QgK6TpBThiG3V1vNSHlIkv4AglQ==",
      "license": "Apache-2.0",
      "dependencies": {
        "@chevrotain/cst-dts-gen": "12.0.0",
        "@chevrotain/gast": "12.0.0",
        "@chevrotain/regexp-to-ast": "12.0.0",
        "@chevrotain/types": "12.0.0",
        "@chevrotain/utils": "12.0.0"
      },
      "engines": {
        "node": ">=22.0.0"
      }
    },
    "node_modules/commander": {
      "version": "2.20.3",
      "resolved": "https://registry.npmjs.org/commander/-/commander-2.20.3.tgz",
      "integrity": "sha512-GpVkmM8vF2vQUkj2LvZmD35JxeJOLCwJ9cUkugyk2nuhbv3+mJvpLYYt+0+USMxE+oj+ey/lJEnhZw75x/OMcQ==",
      "license": "MIT"
    },
    "node_modules/diff": {
      "version": "9.0.0",
      "resolved": "https://registry.npmjs.org/diff/-/diff-9.0.0.tgz",
      "integrity": "sha512-svtcdpS8CgJyqAjEQIXdb3OjhFVVYjzGAPO8WGCmRbrml64SPw/jJD4GoE98aR7r25A0XcgrK3F02yw9R/vhQw==",
      "license": "BSD-3-Clause",
      "engines": {
        "node": ">=0.3.1"
      }
    },
    "node_modules/discontinuous-range": {
      "version": "1.0.0",
      "resolved": "https://registry.npmjs.org/discontinuous-range/-/discontinuous-range-1.0.0.tgz",
      "integrity": "sha512-c68LpLbO+7kP/b1Hr1qs8/BJ09F5khZGTxqxZuhzxpmwJKOgRFHJWIb9/KmqnqHhLdO55aOxFH/EGBvUQbL/RQ==",
      "license": "MIT"
    },
    "node_modules/long": {
      "version": "5.3.2",
      "resolved": "https://registry.npmjs.org/long/-/long-5.3.2.tgz",
      "integrity": "sha512-mNAgZ1GmyNhD7AuqnTG3/VQ26o760+ZYBPKjPvugO8+nLbYfX6TVpJPseBvopbdY+qpZ/lKUnmEc1LeZYS3QAA==",
      "license": "Apache-2.0"
    },
    "node_modules/moo": {
      "version": "0.5.3",
      "resolved": "https://registry.npmjs.org/moo/-/moo-0.5.3.tgz",
      "integrity": "sha512-m2fmM2dDm7GZQsY7KK2cme8agi+AAljILjQnof7p1ZMDe6dQ4bdnSMx0cPppudoeNv5hEFQirN6u+O4fDE0IWA==",
      "license": "BSD-3-Clause"
    },
    "node_modules/nearley": {
      "version": "2.20.1",
      "resolved": "https://registry.npmjs.org/nearley/-/nearley-2.20.1.tgz",
      "integrity": "sha512-+Mc8UaAebFzgV+KpI5n7DasuuQCHA89dmwm7JXw3TV43ukfNQ9DnBH3Mdb2g/I4Fdxc26pwimBWvjIw0UAILSQ==",
      "license": "MIT",
      "dependencies": {
        "commander": "^2.19.0",
        "moo": "^0.5.0",
        "railroad-diagrams": "^1.0.0",
        "randexp": "0.4.6"
      },
      "bin": {
        "nearley-railroad": "bin/nearley-railroad.js",
        "nearley-test": "bin/nearley-test.js",
        "nearley-unparse": "bin/nearley-unparse.js",
        "nearleyc": "bin/nearleyc.js"
      },
      "funding": {
        "type": "individual",
        "url": "https://nearley.js.org/#give-to-nearley"
      }
    },
    "node_modules/railroad-diagrams": {
      "version": "1.0.0",
      "resolved": "https://registry.npmjs.org/railroad-diagrams/-/railroad-diagrams-1.0.0.tgz",
      "integrity": "sha512-cz93DjNeLY0idrCNOH6PviZGRN9GJhsdm9hpn1YCS879fj4W+x5IFJhhkRZcwVgMmFF7R82UA/7Oh+R8lLZg6A==",
      "license": "CC0-1.0"
    },
    "node_modules/randexp": {
      "version": "0.4.6",
      "resolved": "https://registry.npmjs.org/randexp/-/randexp-0.4.6.tgz",
      "integrity": "sha512-80WNmd9DA0tmZrw9qQa62GPPWfuXJknrmVmLcxvq4uZBdYqb1wYoKTmnlGUchvVWe0XiLupYkBoXVOxz3C8DYQ==",
      "license": "MIT",
      "dependencies": {
        "discontinuous-range": "1.0.0",
        "ret": "~0.1.10"
      },
      "engines": {
        "node": ">=0.12"
      }
    },
    "node_modules/ret": {
      "version": "0.1.15",
      "resolved": "https://registry.npmjs.org/ret/-/ret-0.1.15.tgz",
      "integrity": "sha512-TTlYpa+OL+vMMNG24xSlQGEJ3B/RzEfUlLct7b5G/ytav+wPrplCpVMFuwzXbkecJrb6IYo1iFb0S9v37754mg==",
      "license": "MIT",
      "engines": {
        "node": ">=0.12"
      }
    }
  }
}
