{
  "name": "@btc-vision/as-pect-json-reporter",
  "version": "8.2.0",
  "lockfileVersion": 3,
  "requires": true,
  "packages": {
    "": {
      "name": "@btc-vision/as-pect-json-reporter",
      "version": "8.2.0",
      "license": "MIT",
      "dependencies": {
        "@btc-vision/as-pect-core": "../core"
      }
    },
    "../core": {
      "name": "@btc-vision/as-pect-core",
      "version": "8.2.0",
      "license": "MIT",
      "dependencies": {
        "@assemblyscript/loader": "^0.28.3",
        "@btc-vision/as-pect-assembly": "^8.2.0",
        "@btc-vision/as-pect-snapshots": "^8.2.0",
        "assemblyscript": "^0.28.3",
        "chalk": "^5.4.1",
        "chalk-template": "^0.5.0",
        "long": "^5.3.2"
      },
      "devDependencies": {
        "jest": "^29.7.0",
        "ts-jest": "^29.4.0"
      }
    },
    "node_modules/@btc-vision/as-pect-core": {
      "resolved": "../core",
      "link": true
    }
  }
}
