{
  "name": "@btc-vision/as-pect-assembly",
  "version": "8.1.0",
  "lockfileVersion": 3,
  "requires": true,
  "packages": {
    "": {
      "name": "@btc-vision/as-pect-assembly",
      "version": "8.1.0",
      "license": "MIT",
      "dependencies": {
        "@btc-vision/as-covers-assembly": "^0.4.5"
      }
    },
    "node_modules/@btc-vision/as-covers-assembly": {
      "version": "0.4.5",
      "resolved": "https://registry.npmjs.org/@btc-vision/as-covers-assembly/-/as-covers-assembly-0.4.5.tgz",
      "integrity": "sha512-jzQNPOii7BbMcl4I5o8WzTLspm55HXFpIeq8e9Z9VenllrK/wjBJtplQMvjS+6EjC0lWTrSpKDPbHS4t6nhq5g==",
      "license": "MIT"
    }
  }
}
