{
  "name": "@btc-vision/as-pect-assembly",
  "version": "8.2.0",
  "lockfileVersion": 3,
  "requires": true,
  "packages": {
    "": {
      "name": "@btc-vision/as-pect-assembly",
      "version": "8.2.0",
      "license": "MIT",
      "dependencies": {
        "@btc-vision/as-covers-assembly": "^0.4.4"
      }
    },
    "node_modules/@btc-vision/as-covers-assembly": {
      "version": "0.4.4",
      "resolved": "https://registry.npmjs.org/@btc-vision/as-covers-assembly/-/as-covers-assembly-0.4.4.tgz",
      "integrity": "sha512-BYIwCWSgI1n7M2OCnTGpzmleuWBV+Y1dYbQCSZGcfoq3mdXoLtVMyh95t4m3aPnXmgrg1PLGRPkGCkBKbaf0zw==",
      "license": "MIT"
    }
  }
}
